<?xml version="1.0" encoding="utf-8"?>
<Project ToolsVersion="4.0" xmlns="http://schemas.microsoft.com/developer/msbuild/2003">
  <ItemGroup>
    <ClCompile Include="app.cpp" />
    <ClCompile Include="stdafx.cpp" />
    <ClCompile Include="agent_shiori.cpp" />
    <ClCompile Include="agent_pasta.cpp" />
    <ClCompile Include="mod_file_io.cpp" />
    <ClCompile Include="mod_shiori.cpp" />
  </ItemGroup>
  <ItemGroup>
    <ClInclude Include="app.h" />
    <ClInclude Include="stdafx.h" />
    <ClInclude Include="targetver.h" />
    <ClInclude Include="agent_shiori.h" />
    <ClInclude Include="agent_pasta.h" />
    <ClInclude Include="util.h" />
  </ItemGroup>
</Project>