
Microsoft Visual Studio Solution File, Format Version 11.00
# Visual Studio 2010
Project("{2150E333-8FDC-42A3-9474-1A3956D46DE8}") = ".nuget", ".nuget", "{996E1550-6FDC-4992-860D-8D8AD29DB093}"
	ProjectSection(SolutionItems) = preProject
		.nuget\NuGet.Config = .nuget\NuGet.Config
		.nuget\NuGet.exe = .nuget\NuGet.exe
		.nuget\NuGet.targets = .nuget\NuGet.targets
		.nuget\packages.config = .nuget\packages.config
	EndProjectSection
EndProject
Project("{FAE04EC0-301F-11D3-BF4B-00C04F79EFBC}") = "CSUtil.40", "..\externals\CSUtil\CSUtil.40.csproj", "{B5385976-C31F-42DF-B1DB-54EA0F98FDC3}"
EndProject
Project("{FAE04EC0-301F-11D3-BF4B-00C04F79EFBC}") = "Pasta.EverNote", "Pasta.EverNote\Pasta.EverNote.csproj", "{F116735F-68F1-4244-9294-A764DEE1B42E}"
EndProject
Project("{FAE04EC0-301F-11D3-BF4B-00C04F79EFBC}") = "Pasta.EverNote.Tester", "Pasta.EverNote.Tester\Pasta.EverNote.Tester.csproj", "{A52D6A48-A5AD-4E0E-92C9-201B97B5D79C}"
EndProject
Project("{FAE04EC0-301F-11D3-BF4B-00C04F79EFBC}") = "CSUtil.Extensions.40", "..\externals\CSUtil.Extensions\CSUtil.Extensions.40.csproj", "{BDAA1A4C-C085-49B4-969D-84E1B2428E9D}"
EndProject
Project("{2150E333-8FDC-42A3-9474-1A3956D46DE8}") = "libs", "libs", "{76AA23DD-6A78-4AC6-B4B1-6A17EAE1AD90}"
EndProject
Project("{FAE04EC0-301F-11D3-BF4B-00C04F79EFBC}") = "CSUtil.Reactive.40", "..\externals\CSUtil.Reactive\CSUtil.Reactive.40.csproj", "{BA3A2375-0D9F-478E-9207-F0A848806F73}"
EndProject
Project("{FAE04EC0-301F-11D3-BF4B-00C04F79EFBC}") = "UnitTest", "UnitTest\UnitTest.csproj", "{8C756697-E59C-4ADF-B6AD-A7DD8C4FBD63}"
EndProject
Project("{FAE04EC0-301F-11D3-BF4B-00C04F79EFBC}") = "UnitTestRunner_40", "..\externals\UnitTestRunner\UnitTestRunner_40.csproj", "{4168E853-7FAB-4C0A-BADD-9A3F47C05E20}"
EndProject
Project("{FAE04EC0-301F-11D3-BF4B-00C04F79EFBC}") = "UnitTestExtensions40", "..\externals\UnitTestExtensions\UnitTestExtensions40.csproj", "{D6B57990-6E54-444C-A1CF-319C76B85E65}"
EndProject
Project("{FAE04EC0-301F-11D3-BF4B-00C04F79EFBC}") = "Pasta.EverNote.Test", "Pasta.EverNote.Test\Pasta.EverNote.Test.csproj", "{0929531F-D422-4579-BF2E-0EF639809A02}"
EndProject
Project("{2150E333-8FDC-42A3-9474-1A3956D46DE8}") = "app", "app", "{4D3AC9D8-F744-43EA-8A27-42690CBFD664}"
EndProject
Project("{FAE04EC0-301F-11D3-BF4B-00C04F79EFBC}") = "Pasta.Image.Test", "Pasta.Image.Test\Pasta.Image.Test.csproj", "{E7862685-AF02-4C4D-A325-C1D9D9A84513}"
EndProject
Project("{FAE04EC0-301F-11D3-BF4B-00C04F79EFBC}") = "sabun", "sabun\sabun.csproj", "{16195927-2A81-451C-B04D-0B11A3F0995C}"
EndProject
Project("{2150E333-8FDC-42A3-9474-1A3956D46DE8}") = "everNote", "everNote", "{1C593317-B357-4E86-8271-2679F831CB7C}"
EndProject
Project("{2150E333-8FDC-42A3-9474-1A3956D46DE8}") = "image", "image", "{DCEACB27-0364-4868-8D1B-2C59EE2D40DD}"
EndProject
Project("{FAE04EC0-301F-11D3-BF4B-00C04F79EFBC}") = "pasta2", "pasta2\pasta2.csproj", "{52B45403-007A-45D4-A31E-D37F579AAD65}"
EndProject
Project("{2150E333-8FDC-42A3-9474-1A3956D46DE8}") = "old", "old", "{EF5AB1A0-51F5-47DD-ACC7-F54DE9020251}"
EndProject
Project("{FAE04EC0-301F-11D3-BF4B-00C04F79EFBC}") = "pasta", "pasta\pasta.csproj", "{B55C32D2-761C-4652-B0A7-471E98FEC4F9}"
EndProject
Global
	GlobalSection(SolutionConfigurationPlatforms) = preSolution
		Debug|Any CPU = Debug|Any CPU
		Debug|Mixed Platforms = Debug|Mixed Platforms
		Debug|x86 = Debug|x86
		Debug40|Any CPU = Debug40|Any CPU
		Debug40|Mixed Platforms = Debug40|Mixed Platforms
		Debug40|x86 = Debug40|x86
		Release|Any CPU = Release|Any CPU
		Release|Mixed Platforms = Release|Mixed Platforms
		Release|x86 = Release|x86
		Release40|Any CPU = Release40|Any CPU
		Release40|Mixed Platforms = Release40|Mixed Platforms
		Release40|x86 = Release40|x86
	EndGlobalSection
	GlobalSection(ProjectConfigurationPlatforms) = postSolution
		{B5385976-C31F-42DF-B1DB-54EA0F98FDC3}.Debug|Any CPU.ActiveCfg = Debug40|Any CPU
		{B5385976-C31F-42DF-B1DB-54EA0F98FDC3}.Debug|Any CPU.Build.0 = Debug40|Any CPU
		{B5385976-C31F-42DF-B1DB-54EA0F98FDC3}.Debug|Mixed Platforms.ActiveCfg = Debug40|Any CPU
		{B5385976-C31F-42DF-B1DB-54EA0F98FDC3}.Debug|Mixed Platforms.Build.0 = Debug40|Any CPU
		{B5385976-C31F-42DF-B1DB-54EA0F98FDC3}.Debug|x86.ActiveCfg = Debug40|Any CPU
		{B5385976-C31F-42DF-B1DB-54EA0F98FDC3}.Debug40|Any CPU.ActiveCfg = Debug40|Any CPU
		{B5385976-C31F-42DF-B1DB-54EA0F98FDC3}.Debug40|Any CPU.Build.0 = Debug40|Any CPU
		{B5385976-C31F-42DF-B1DB-54EA0F98FDC3}.Debug40|Mixed Platforms.ActiveCfg = Debug40|Any CPU
		{B5385976-C31F-42DF-B1DB-54EA0F98FDC3}.Debug40|Mixed Platforms.Build.0 = Debug40|Any CPU
		{B5385976-C31F-42DF-B1DB-54EA0F98FDC3}.Debug40|x86.ActiveCfg = Debug40|Any CPU
		{B5385976-C31F-42DF-B1DB-54EA0F98FDC3}.Release|Any CPU.ActiveCfg = Release40|Any CPU
		{B5385976-C31F-42DF-B1DB-54EA0F98FDC3}.Release|Any CPU.Build.0 = Release40|Any CPU
		{B5385976-C31F-42DF-B1DB-54EA0F98FDC3}.Release|Mixed Platforms.ActiveCfg = Release40|Any CPU
		{B5385976-C31F-42DF-B1DB-54EA0F98FDC3}.Release|Mixed Platforms.Build.0 = Release40|Any CPU
		{B5385976-C31F-42DF-B1DB-54EA0F98FDC3}.Release|x86.ActiveCfg = Release40|Any CPU
		{B5385976-C31F-42DF-B1DB-54EA0F98FDC3}.Release40|Any CPU.ActiveCfg = Release40|Any CPU
		{B5385976-C31F-42DF-B1DB-54EA0F98FDC3}.Release40|Any CPU.Build.0 = Release40|Any CPU
		{B5385976-C31F-42DF-B1DB-54EA0F98FDC3}.Release40|Mixed Platforms.ActiveCfg = Release40|Any CPU
		{B5385976-C31F-42DF-B1DB-54EA0F98FDC3}.Release40|Mixed Platforms.Build.0 = Release40|Any CPU
		{B5385976-C31F-42DF-B1DB-54EA0F98FDC3}.Release40|x86.ActiveCfg = Release40|Any CPU
		{F116735F-68F1-4244-9294-A764DEE1B42E}.Debug|Any CPU.ActiveCfg = Debug|Any CPU
		{F116735F-68F1-4244-9294-A764DEE1B42E}.Debug|Any CPU.Build.0 = Debug|Any CPU
		{F116735F-68F1-4244-9294-A764DEE1B42E}.Debug|Mixed Platforms.ActiveCfg = Debug|Any CPU
		{F116735F-68F1-4244-9294-A764DEE1B42E}.Debug|Mixed Platforms.Build.0 = Debug|Any CPU
		{F116735F-68F1-4244-9294-A764DEE1B42E}.Debug|x86.ActiveCfg = Debug|Any CPU
		{F116735F-68F1-4244-9294-A764DEE1B42E}.Debug40|Any CPU.ActiveCfg = Debug|Any CPU
		{F116735F-68F1-4244-9294-A764DEE1B42E}.Debug40|Any CPU.Build.0 = Debug|Any CPU
		{F116735F-68F1-4244-9294-A764DEE1B42E}.Debug40|Mixed Platforms.ActiveCfg = Debug|Any CPU
		{F116735F-68F1-4244-9294-A764DEE1B42E}.Debug40|Mixed Platforms.Build.0 = Debug|Any CPU
		{F116735F-68F1-4244-9294-A764DEE1B42E}.Debug40|x86.ActiveCfg = Debug|Any CPU
		{F116735F-68F1-4244-9294-A764DEE1B42E}.Release|Any CPU.ActiveCfg = Release|Any CPU
		{F116735F-68F1-4244-9294-A764DEE1B42E}.Release|Any CPU.Build.0 = Release|Any CPU
		{F116735F-68F1-4244-9294-A764DEE1B42E}.Release|Mixed Platforms.ActiveCfg = Release|Any CPU
		{F116735F-68F1-4244-9294-A764DEE1B42E}.Release|Mixed Platforms.Build.0 = Release|Any CPU
		{F116735F-68F1-4244-9294-A764DEE1B42E}.Release|x86.ActiveCfg = Release|Any CPU
		{F116735F-68F1-4244-9294-A764DEE1B42E}.Release40|Any CPU.ActiveCfg = Release|Any CPU
		{F116735F-68F1-4244-9294-A764DEE1B42E}.Release40|Any CPU.Build.0 = Release|Any CPU
		{F116735F-68F1-4244-9294-A764DEE1B42E}.Release40|Mixed Platforms.ActiveCfg = Release|Any CPU
		{F116735F-68F1-4244-9294-A764DEE1B42E}.Release40|Mixed Platforms.Build.0 = Release|Any CPU
		{F116735F-68F1-4244-9294-A764DEE1B42E}.Release40|x86.ActiveCfg = Release|Any CPU
		{A52D6A48-A5AD-4E0E-92C9-201B97B5D79C}.Debug|Any CPU.ActiveCfg = Debug|Any CPU
		{A52D6A48-A5AD-4E0E-92C9-201B97B5D79C}.Debug|Any CPU.Build.0 = Debug|Any CPU
		{A52D6A48-A5AD-4E0E-92C9-201B97B5D79C}.Debug|Mixed Platforms.ActiveCfg = Debug|Any CPU
		{A52D6A48-A5AD-4E0E-92C9-201B97B5D79C}.Debug|Mixed Platforms.Build.0 = Debug|Any CPU
		{A52D6A48-A5AD-4E0E-92C9-201B97B5D79C}.Debug|x86.ActiveCfg = Debug|Any CPU
		{A52D6A48-A5AD-4E0E-92C9-201B97B5D79C}.Debug40|Any CPU.ActiveCfg = Debug|Any CPU
		{A52D6A48-A5AD-4E0E-92C9-201B97B5D79C}.Debug40|Any CPU.Build.0 = Debug|Any CPU
		{A52D6A48-A5AD-4E0E-92C9-201B97B5D79C}.Debug40|Mixed Platforms.ActiveCfg = Debug|Any CPU
		{A52D6A48-A5AD-4E0E-92C9-201B97B5D79C}.Debug40|Mixed Platforms.Build.0 = Debug|Any CPU
		{A52D6A48-A5AD-4E0E-92C9-201B97B5D79C}.Debug40|x86.ActiveCfg = Debug|Any CPU
		{A52D6A48-A5AD-4E0E-92C9-201B97B5D79C}.Release|Any CPU.ActiveCfg = Release|Any CPU
		{A52D6A48-A5AD-4E0E-92C9-201B97B5D79C}.Release|Any CPU.Build.0 = Release|Any CPU
		{A52D6A48-A5AD-4E0E-92C9-201B97B5D79C}.Release|Mixed Platforms.ActiveCfg = Release|Any CPU
		{A52D6A48-A5AD-4E0E-92C9-201B97B5D79C}.Release|Mixed Platforms.Build.0 = Release|Any CPU
		{A52D6A48-A5AD-4E0E-92C9-201B97B5D79C}.Release|x86.ActiveCfg = Release|Any CPU
		{A52D6A48-A5AD-4E0E-92C9-201B97B5D79C}.Release40|Any CPU.ActiveCfg = Release|Any CPU
		{A52D6A48-A5AD-4E0E-92C9-201B97B5D79C}.Release40|Any CPU.Build.0 = Release|Any CPU
		{A52D6A48-A5AD-4E0E-92C9-201B97B5D79C}.Release40|Mixed Platforms.ActiveCfg = Release|Any CPU
		{A52D6A48-A5AD-4E0E-92C9-201B97B5D79C}.Release40|Mixed Platforms.Build.0 = Release|Any CPU
		{A52D6A48-A5AD-4E0E-92C9-201B97B5D79C}.Release40|x86.ActiveCfg = Release|Any CPU
		{BDAA1A4C-C085-49B4-969D-84E1B2428E9D}.Debug|Any CPU.ActiveCfg = Debug40|Any CPU
		{BDAA1A4C-C085-49B4-969D-84E1B2428E9D}.Debug|Any CPU.Build.0 = Debug40|Any CPU
		{BDAA1A4C-C085-49B4-969D-84E1B2428E9D}.Debug|Mixed Platforms.ActiveCfg = Debug40|Any CPU
		{BDAA1A4C-C085-49B4-969D-84E1B2428E9D}.Debug|Mixed Platforms.Build.0 = Debug40|Any CPU
		{BDAA1A4C-C085-49B4-969D-84E1B2428E9D}.Debug|x86.ActiveCfg = Debug40|Any CPU
		{BDAA1A4C-C085-49B4-969D-84E1B2428E9D}.Debug40|Any CPU.ActiveCfg = Debug40|Any CPU
		{BDAA1A4C-C085-49B4-969D-84E1B2428E9D}.Debug40|Any CPU.Build.0 = Debug40|Any CPU
		{BDAA1A4C-C085-49B4-969D-84E1B2428E9D}.Debug40|Mixed Platforms.ActiveCfg = Debug40|Any CPU
		{BDAA1A4C-C085-49B4-969D-84E1B2428E9D}.Debug40|Mixed Platforms.Build.0 = Debug40|Any CPU
		{BDAA1A4C-C085-49B4-969D-84E1B2428E9D}.Debug40|x86.ActiveCfg = Debug40|Any CPU
		{BDAA1A4C-C085-49B4-969D-84E1B2428E9D}.Release|Any CPU.ActiveCfg = Release40|Any CPU
		{BDAA1A4C-C085-49B4-969D-84E1B2428E9D}.Release|Any CPU.Build.0 = Release40|Any CPU
		{BDAA1A4C-C085-49B4-969D-84E1B2428E9D}.Release|Mixed Platforms.ActiveCfg = Release40|Any CPU
		{BDAA1A4C-C085-49B4-969D-84E1B2428E9D}.Release|Mixed Platforms.Build.0 = Release40|Any CPU
		{BDAA1A4C-C085-49B4-969D-84E1B2428E9D}.Release|x86.ActiveCfg = Release40|Any CPU
		{BDAA1A4C-C085-49B4-969D-84E1B2428E9D}.Release40|Any CPU.ActiveCfg = Release40|Any CPU
		{BDAA1A4C-C085-49B4-969D-84E1B2428E9D}.Release40|Any CPU.Build.0 = Release40|Any CPU
		{BDAA1A4C-C085-49B4-969D-84E1B2428E9D}.Release40|Mixed Platforms.ActiveCfg = Release40|Any CPU
		{BDAA1A4C-C085-49B4-969D-84E1B2428E9D}.Release40|Mixed Platforms.Build.0 = Release40|Any CPU
		{BDAA1A4C-C085-49B4-969D-84E1B2428E9D}.Release40|x86.ActiveCfg = Release40|Any CPU
		{BA3A2375-0D9F-478E-9207-F0A848806F73}.Debug|Any CPU.ActiveCfg = Debug40|Any CPU
		{BA3A2375-0D9F-478E-9207-F0A848806F73}.Debug|Any CPU.Build.0 = Debug40|Any CPU
		{BA3A2375-0D9F-478E-9207-F0A848806F73}.Debug|Mixed Platforms.ActiveCfg = Debug40|Any CPU
		{BA3A2375-0D9F-478E-9207-F0A848806F73}.Debug|Mixed Platforms.Build.0 = Debug40|Any CPU
		{BA3A2375-0D9F-478E-9207-F0A848806F73}.Debug|x86.ActiveCfg = Debug40|Any CPU
		{BA3A2375-0D9F-478E-9207-F0A848806F73}.Debug40|Any CPU.ActiveCfg = Debug40|Any CPU
		{BA3A2375-0D9F-478E-9207-F0A848806F73}.Debug40|Any CPU.Build.0 = Debug40|Any CPU
		{BA3A2375-0D9F-478E-9207-F0A848806F73}.Debug40|Mixed Platforms.ActiveCfg = Debug40|Any CPU
		{BA3A2375-0D9F-478E-9207-F0A848806F73}.Debug40|Mixed Platforms.Build.0 = Debug40|Any CPU
		{BA3A2375-0D9F-478E-9207-F0A848806F73}.Debug40|x86.ActiveCfg = Debug40|Any CPU
		{BA3A2375-0D9F-478E-9207-F0A848806F73}.Release|Any CPU.ActiveCfg = Release40|Any CPU
		{BA3A2375-0D9F-478E-9207-F0A848806F73}.Release|Any CPU.Build.0 = Release40|Any CPU
		{BA3A2375-0D9F-478E-9207-F0A848806F73}.Release|Mixed Platforms.ActiveCfg = Release40|Any CPU
		{BA3A2375-0D9F-478E-9207-F0A848806F73}.Release|Mixed Platforms.Build.0 = Release40|Any CPU
		{BA3A2375-0D9F-478E-9207-F0A848806F73}.Release|x86.ActiveCfg = Release40|Any CPU
		{BA3A2375-0D9F-478E-9207-F0A848806F73}.Release40|Any CPU.ActiveCfg = Release40|Any CPU
		{BA3A2375-0D9F-478E-9207-F0A848806F73}.Release40|Any CPU.Build.0 = Release40|Any CPU
		{BA3A2375-0D9F-478E-9207-F0A848806F73}.Release40|Mixed Platforms.ActiveCfg = Release40|Any CPU
		{BA3A2375-0D9F-478E-9207-F0A848806F73}.Release40|Mixed Platforms.Build.0 = Release40|Any CPU
		{BA3A2375-0D9F-478E-9207-F0A848806F73}.Release40|x86.ActiveCfg = Release40|Any CPU
		{8C756697-E59C-4ADF-B6AD-A7DD8C4FBD63}.Debug|Any CPU.ActiveCfg = Debug|Any CPU
		{8C756697-E59C-4ADF-B6AD-A7DD8C4FBD63}.Debug|Any CPU.Build.0 = Debug|Any CPU
		{8C756697-E59C-4ADF-B6AD-A7DD8C4FBD63}.Debug|Mixed Platforms.ActiveCfg = Debug|Any CPU
		{8C756697-E59C-4ADF-B6AD-A7DD8C4FBD63}.Debug|Mixed Platforms.Build.0 = Debug|Any CPU
		{8C756697-E59C-4ADF-B6AD-A7DD8C4FBD63}.Debug|x86.ActiveCfg = Debug|Any CPU
		{8C756697-E59C-4ADF-B6AD-A7DD8C4FBD63}.Debug40|Any CPU.ActiveCfg = Debug|Any CPU
		{8C756697-E59C-4ADF-B6AD-A7DD8C4FBD63}.Debug40|Any CPU.Build.0 = Debug|Any CPU
		{8C756697-E59C-4ADF-B6AD-A7DD8C4FBD63}.Debug40|Mixed Platforms.ActiveCfg = Debug|Any CPU
		{8C756697-E59C-4ADF-B6AD-A7DD8C4FBD63}.Debug40|Mixed Platforms.Build.0 = Debug|Any CPU
		{8C756697-E59C-4ADF-B6AD-A7DD8C4FBD63}.Debug40|x86.ActiveCfg = Debug|Any CPU
		{8C756697-E59C-4ADF-B6AD-A7DD8C4FBD63}.Release|Any CPU.ActiveCfg = Release|Any CPU
		{8C756697-E59C-4ADF-B6AD-A7DD8C4FBD63}.Release|Any CPU.Build.0 = Release|Any CPU
		{8C756697-E59C-4ADF-B6AD-A7DD8C4FBD63}.Release|Mixed Platforms.ActiveCfg = Release|Any CPU
		{8C756697-E59C-4ADF-B6AD-A7DD8C4FBD63}.Release|Mixed Platforms.Build.0 = Release|Any CPU
		{8C756697-E59C-4ADF-B6AD-A7DD8C4FBD63}.Release|x86.ActiveCfg = Release|Any CPU
		{8C756697-E59C-4ADF-B6AD-A7DD8C4FBD63}.Release40|Any CPU.ActiveCfg = Release|Any CPU
		{8C756697-E59C-4ADF-B6AD-A7DD8C4FBD63}.Release40|Any CPU.Build.0 = Release|Any CPU
		{8C756697-E59C-4ADF-B6AD-A7DD8C4FBD63}.Release40|Mixed Platforms.ActiveCfg = Release|Any CPU
		{8C756697-E59C-4ADF-B6AD-A7DD8C4FBD63}.Release40|Mixed Platforms.Build.0 = Release|Any CPU
		{8C756697-E59C-4ADF-B6AD-A7DD8C4FBD63}.Release40|x86.ActiveCfg = Release|Any CPU
		{4168E853-7FAB-4C0A-BADD-9A3F47C05E20}.Debug|Any CPU.ActiveCfg = Debug|Any CPU
		{4168E853-7FAB-4C0A-BADD-9A3F47C05E20}.Debug|Any CPU.Build.0 = Debug|Any CPU
		{4168E853-7FAB-4C0A-BADD-9A3F47C05E20}.Debug|Mixed Platforms.ActiveCfg = Debug|Any CPU
		{4168E853-7FAB-4C0A-BADD-9A3F47C05E20}.Debug|Mixed Platforms.Build.0 = Debug|Any CPU
		{4168E853-7FAB-4C0A-BADD-9A3F47C05E20}.Debug|x86.ActiveCfg = Debug|Any CPU
		{4168E853-7FAB-4C0A-BADD-9A3F47C05E20}.Debug40|Any CPU.ActiveCfg = Debug|Any CPU
		{4168E853-7FAB-4C0A-BADD-9A3F47C05E20}.Debug40|Any CPU.Build.0 = Debug|Any CPU
		{4168E853-7FAB-4C0A-BADD-9A3F47C05E20}.Debug40|Mixed Platforms.ActiveCfg = Debug|Any CPU
		{4168E853-7FAB-4C0A-BADD-9A3F47C05E20}.Debug40|Mixed Platforms.Build.0 = Debug|Any CPU
		{4168E853-7FAB-4C0A-BADD-9A3F47C05E20}.Debug40|x86.ActiveCfg = Debug|Any CPU
		{4168E853-7FAB-4C0A-BADD-9A3F47C05E20}.Release|Any CPU.ActiveCfg = Release|Any CPU
		{4168E853-7FAB-4C0A-BADD-9A3F47C05E20}.Release|Any CPU.Build.0 = Release|Any CPU
		{4168E853-7FAB-4C0A-BADD-9A3F47C05E20}.Release|Mixed Platforms.ActiveCfg = Release|Any CPU
		{4168E853-7FAB-4C0A-BADD-9A3F47C05E20}.Release|Mixed Platforms.Build.0 = Release|Any CPU
		{4168E853-7FAB-4C0A-BADD-9A3F47C05E20}.Release|x86.ActiveCfg = Release|Any CPU
		{4168E853-7FAB-4C0A-BADD-9A3F47C05E20}.Release40|Any CPU.ActiveCfg = Release|Any CPU
		{4168E853-7FAB-4C0A-BADD-9A3F47C05E20}.Release40|Any CPU.Build.0 = Release|Any CPU
		{4168E853-7FAB-4C0A-BADD-9A3F47C05E20}.Release40|Mixed Platforms.ActiveCfg = Release|Any CPU
		{4168E853-7FAB-4C0A-BADD-9A3F47C05E20}.Release40|Mixed Platforms.Build.0 = Release|Any CPU
		{4168E853-7FAB-4C0A-BADD-9A3F47C05E20}.Release40|x86.ActiveCfg = Release|Any CPU
		{D6B57990-6E54-444C-A1CF-319C76B85E65}.Debug|Any CPU.ActiveCfg = Debug|Any CPU
		{D6B57990-6E54-444C-A1CF-319C76B85E65}.Debug|Any CPU.Build.0 = Debug|Any CPU
		{D6B57990-6E54-444C-A1CF-319C76B85E65}.Debug|Mixed Platforms.ActiveCfg = Debug|Any CPU
		{D6B57990-6E54-444C-A1CF-319C76B85E65}.Debug|Mixed Platforms.Build.0 = Debug|Any CPU
		{D6B57990-6E54-444C-A1CF-319C76B85E65}.Debug|x86.ActiveCfg = Debug|Any CPU
		{D6B57990-6E54-444C-A1CF-319C76B85E65}.Debug40|Any CPU.ActiveCfg = Debug|Any CPU
		{D6B57990-6E54-444C-A1CF-319C76B85E65}.Debug40|Any CPU.Build.0 = Debug|Any CPU
		{D6B57990-6E54-444C-A1CF-319C76B85E65}.Debug40|Mixed Platforms.ActiveCfg = Debug|Any CPU
		{D6B57990-6E54-444C-A1CF-319C76B85E65}.Debug40|Mixed Platforms.Build.0 = Debug|Any CPU
		{D6B57990-6E54-444C-A1CF-319C76B85E65}.Debug40|x86.ActiveCfg = Debug|Any CPU
		{D6B57990-6E54-444C-A1CF-319C76B85E65}.Release|Any CPU.ActiveCfg = Release|Any CPU
		{D6B57990-6E54-444C-A1CF-319C76B85E65}.Release|Any CPU.Build.0 = Release|Any CPU
		{D6B57990-6E54-444C-A1CF-319C76B85E65}.Release|Mixed Platforms.ActiveCfg = Release|Any CPU
		{D6B57990-6E54-444C-A1CF-319C76B85E65}.Release|Mixed Platforms.Build.0 = Release|Any CPU
		{D6B57990-6E54-444C-A1CF-319C76B85E65}.Release|x86.ActiveCfg = Release|Any CPU
		{D6B57990-6E54-444C-A1CF-319C76B85E65}.Release40|Any CPU.ActiveCfg = Release|Any CPU
		{D6B57990-6E54-444C-A1CF-319C76B85E65}.Release40|Any CPU.Build.0 = Release|Any CPU
		{D6B57990-6E54-444C-A1CF-319C76B85E65}.Release40|Mixed Platforms.ActiveCfg = Release|Any CPU
		{D6B57990-6E54-444C-A1CF-319C76B85E65}.Release40|Mixed Platforms.Build.0 = Release|Any CPU
		{D6B57990-6E54-444C-A1CF-319C76B85E65}.Release40|x86.ActiveCfg = Release|Any CPU
		{0929531F-D422-4579-BF2E-0EF639809A02}.Debug|Any CPU.ActiveCfg = Debug|Any CPU
		{0929531F-D422-4579-BF2E-0EF639809A02}.Debug|Any CPU.Build.0 = Debug|Any CPU
		{0929531F-D422-4579-BF2E-0EF639809A02}.Debug|Mixed Platforms.ActiveCfg = Debug|Any CPU
		{0929531F-D422-4579-BF2E-0EF639809A02}.Debug|Mixed Platforms.Build.0 = Debug|Any CPU
		{0929531F-D422-4579-BF2E-0EF639809A02}.Debug|x86.ActiveCfg = Debug|Any CPU
		{0929531F-D422-4579-BF2E-0EF639809A02}.Debug40|Any CPU.ActiveCfg = Debug|Any CPU
		{0929531F-D422-4579-BF2E-0EF639809A02}.Debug40|Any CPU.Build.0 = Debug|Any CPU
		{0929531F-D422-4579-BF2E-0EF639809A02}.Debug40|Mixed Platforms.ActiveCfg = Debug|Any CPU
		{0929531F-D422-4579-BF2E-0EF639809A02}.Debug40|Mixed Platforms.Build.0 = Debug|Any CPU
		{0929531F-D422-4579-BF2E-0EF639809A02}.Debug40|x86.ActiveCfg = Debug|Any CPU
		{0929531F-D422-4579-BF2E-0EF639809A02}.Release|Any CPU.ActiveCfg = Release|Any CPU
		{0929531F-D422-4579-BF2E-0EF639809A02}.Release|Any CPU.Build.0 = Release|Any CPU
		{0929531F-D422-4579-BF2E-0EF639809A02}.Release|Mixed Platforms.ActiveCfg = Release|Any CPU
		{0929531F-D422-4579-BF2E-0EF639809A02}.Release|Mixed Platforms.Build.0 = Release|Any CPU
		{0929531F-D422-4579-BF2E-0EF639809A02}.Release|x86.ActiveCfg = Release|Any CPU
		{0929531F-D422-4579-BF2E-0EF639809A02}.Release40|Any CPU.ActiveCfg = Release|Any CPU
		{0929531F-D422-4579-BF2E-0EF639809A02}.Release40|Any CPU.Build.0 = Release|Any CPU
		{0929531F-D422-4579-BF2E-0EF639809A02}.Release40|Mixed Platforms.ActiveCfg = Release|Any CPU
		{0929531F-D422-4579-BF2E-0EF639809A02}.Release40|Mixed Platforms.Build.0 = Release|Any CPU
		{0929531F-D422-4579-BF2E-0EF639809A02}.Release40|x86.ActiveCfg = Release|Any CPU
		{E7862685-AF02-4C4D-A325-C1D9D9A84513}.Debug|Any CPU.ActiveCfg = Debug|Any CPU
		{E7862685-AF02-4C4D-A325-C1D9D9A84513}.Debug|Any CPU.Build.0 = Debug|Any CPU
		{E7862685-AF02-4C4D-A325-C1D9D9A84513}.Debug|Mixed Platforms.ActiveCfg = Debug|Any CPU
		{E7862685-AF02-4C4D-A325-C1D9D9A84513}.Debug|Mixed Platforms.Build.0 = Debug|Any CPU
		{E7862685-AF02-4C4D-A325-C1D9D9A84513}.Debug|x86.ActiveCfg = Debug|Any CPU
		{E7862685-AF02-4C4D-A325-C1D9D9A84513}.Debug40|Any CPU.ActiveCfg = Debug|Any CPU
		{E7862685-AF02-4C4D-A325-C1D9D9A84513}.Debug40|Any CPU.Build.0 = Debug|Any CPU
		{E7862685-AF02-4C4D-A325-C1D9D9A84513}.Debug40|Mixed Platforms.ActiveCfg = Debug|Any CPU
		{E7862685-AF02-4C4D-A325-C1D9D9A84513}.Debug40|Mixed Platforms.Build.0 = Debug|Any CPU
		{E7862685-AF02-4C4D-A325-C1D9D9A84513}.Debug40|x86.ActiveCfg = Debug|Any CPU
		{E7862685-AF02-4C4D-A325-C1D9D9A84513}.Release|Any CPU.ActiveCfg = Release|Any CPU
		{E7862685-AF02-4C4D-A325-C1D9D9A84513}.Release|Any CPU.Build.0 = Release|Any CPU
		{E7862685-AF02-4C4D-A325-C1D9D9A84513}.Release|Mixed Platforms.ActiveCfg = Release|Any CPU
		{E7862685-AF02-4C4D-A325-C1D9D9A84513}.Release|Mixed Platforms.Build.0 = Release|Any CPU
		{E7862685-AF02-4C4D-A325-C1D9D9A84513}.Release|x86.ActiveCfg = Release|Any CPU
		{E7862685-AF02-4C4D-A325-C1D9D9A84513}.Release40|Any CPU.ActiveCfg = Release|Any CPU
		{E7862685-AF02-4C4D-A325-C1D9D9A84513}.Release40|Any CPU.Build.0 = Release|Any CPU
		{E7862685-AF02-4C4D-A325-C1D9D9A84513}.Release40|Mixed Platforms.ActiveCfg = Release|Any CPU
		{E7862685-AF02-4C4D-A325-C1D9D9A84513}.Release40|Mixed Platforms.Build.0 = Release|Any CPU
		{E7862685-AF02-4C4D-A325-C1D9D9A84513}.Release40|x86.ActiveCfg = Release|Any CPU
		{16195927-2A81-451C-B04D-0B11A3F0995C}.Debug|Any CPU.ActiveCfg = Debug|Any CPU
		{16195927-2A81-451C-B04D-0B11A3F0995C}.Debug|Any CPU.Build.0 = Debug|Any CPU
		{16195927-2A81-451C-B04D-0B11A3F0995C}.Debug|Mixed Platforms.ActiveCfg = Debug|Any CPU
		{16195927-2A81-451C-B04D-0B11A3F0995C}.Debug|Mixed Platforms.Build.0 = Debug|Any CPU
		{16195927-2A81-451C-B04D-0B11A3F0995C}.Debug|x86.ActiveCfg = Debug|Any CPU
		{16195927-2A81-451C-B04D-0B11A3F0995C}.Debug40|Any CPU.ActiveCfg = Debug|Any CPU
		{16195927-2A81-451C-B04D-0B11A3F0995C}.Debug40|Any CPU.Build.0 = Debug|Any CPU
		{16195927-2A81-451C-B04D-0B11A3F0995C}.Debug40|Mixed Platforms.ActiveCfg = Debug|Any CPU
		{16195927-2A81-451C-B04D-0B11A3F0995C}.Debug40|Mixed Platforms.Build.0 = Debug|Any CPU
		{16195927-2A81-451C-B04D-0B11A3F0995C}.Debug40|x86.ActiveCfg = Debug|Any CPU
		{16195927-2A81-451C-B04D-0B11A3F0995C}.Release|Any CPU.ActiveCfg = Release|Any CPU
		{16195927-2A81-451C-B04D-0B11A3F0995C}.Release|Any CPU.Build.0 = Release|Any CPU
		{16195927-2A81-451C-B04D-0B11A3F0995C}.Release|Mixed Platforms.ActiveCfg = Release|Any CPU
		{16195927-2A81-451C-B04D-0B11A3F0995C}.Release|Mixed Platforms.Build.0 = Release|Any CPU
		{16195927-2A81-451C-B04D-0B11A3F0995C}.Release|x86.ActiveCfg = Release|Any CPU
		{16195927-2A81-451C-B04D-0B11A3F0995C}.Release40|Any CPU.ActiveCfg = Release|Any CPU
		{16195927-2A81-451C-B04D-0B11A3F0995C}.Release40|Any CPU.Build.0 = Release|Any CPU
		{16195927-2A81-451C-B04D-0B11A3F0995C}.Release40|Mixed Platforms.ActiveCfg = Release|Any CPU
		{16195927-2A81-451C-B04D-0B11A3F0995C}.Release40|Mixed Platforms.Build.0 = Release|Any CPU
		{16195927-2A81-451C-B04D-0B11A3F0995C}.Release40|x86.ActiveCfg = Release|Any CPU
		{52B45403-007A-45D4-A31E-D37F579AAD65}.Debug|Any CPU.ActiveCfg = Debug|Any CPU
		{52B45403-007A-45D4-A31E-D37F579AAD65}.Debug|Any CPU.Build.0 = Debug|Any CPU
		{52B45403-007A-45D4-A31E-D37F579AAD65}.Debug|Mixed Platforms.ActiveCfg = Debug|Any CPU
		{52B45403-007A-45D4-A31E-D37F579AAD65}.Debug|Mixed Platforms.Build.0 = Debug|Any CPU
		{52B45403-007A-45D4-A31E-D37F579AAD65}.Debug|x86.ActiveCfg = Debug|Any CPU
		{52B45403-007A-45D4-A31E-D37F579AAD65}.Debug40|Any CPU.ActiveCfg = Debug|Any CPU
		{52B45403-007A-45D4-A31E-D37F579AAD65}.Debug40|Any CPU.Build.0 = Debug|Any CPU
		{52B45403-007A-45D4-A31E-D37F579AAD65}.Debug40|Mixed Platforms.ActiveCfg = Debug|Any CPU
		{52B45403-007A-45D4-A31E-D37F579AAD65}.Debug40|Mixed Platforms.Build.0 = Debug|Any CPU
		{52B45403-007A-45D4-A31E-D37F579AAD65}.Debug40|x86.ActiveCfg = Debug|Any CPU
		{52B45403-007A-45D4-A31E-D37F579AAD65}.Release|Any CPU.ActiveCfg = Release|Any CPU
		{52B45403-007A-45D4-A31E-D37F579AAD65}.Release|Any CPU.Build.0 = Release|Any CPU
		{52B45403-007A-45D4-A31E-D37F579AAD65}.Release|Mixed Platforms.ActiveCfg = Release|Any CPU
		{52B45403-007A-45D4-A31E-D37F579AAD65}.Release|Mixed Platforms.Build.0 = Release|Any CPU
		{52B45403-007A-45D4-A31E-D37F579AAD65}.Release|x86.ActiveCfg = Release|Any CPU
		{52B45403-007A-45D4-A31E-D37F579AAD65}.Release40|Any CPU.ActiveCfg = Release|Any CPU
		{52B45403-007A-45D4-A31E-D37F579AAD65}.Release40|Any CPU.Build.0 = Release|Any CPU
		{52B45403-007A-45D4-A31E-D37F579AAD65}.Release40|Mixed Platforms.ActiveCfg = Release|Any CPU
		{52B45403-007A-45D4-A31E-D37F579AAD65}.Release40|Mixed Platforms.Build.0 = Release|Any CPU
		{52B45403-007A-45D4-A31E-D37F579AAD65}.Release40|x86.ActiveCfg = Release|Any CPU
		{B55C32D2-761C-4652-B0A7-471E98FEC4F9}.Debug|Any CPU.ActiveCfg = Debug|Any CPU
		{B55C32D2-761C-4652-B0A7-471E98FEC4F9}.Debug|Any CPU.Build.0 = Debug|Any CPU
		{B55C32D2-761C-4652-B0A7-471E98FEC4F9}.Debug|Mixed Platforms.ActiveCfg = Debug|Any CPU
		{B55C32D2-761C-4652-B0A7-471E98FEC4F9}.Debug|Mixed Platforms.Build.0 = Debug|Any CPU
		{B55C32D2-761C-4652-B0A7-471E98FEC4F9}.Debug|x86.ActiveCfg = Debug|Any CPU
		{B55C32D2-761C-4652-B0A7-471E98FEC4F9}.Debug40|Any CPU.ActiveCfg = Debug|Any CPU
		{B55C32D2-761C-4652-B0A7-471E98FEC4F9}.Debug40|Any CPU.Build.0 = Debug|Any CPU
		{B55C32D2-761C-4652-B0A7-471E98FEC4F9}.Debug40|Mixed Platforms.ActiveCfg = Debug|Any CPU
		{B55C32D2-761C-4652-B0A7-471E98FEC4F9}.Debug40|Mixed Platforms.Build.0 = Debug|Any CPU
		{B55C32D2-761C-4652-B0A7-471E98FEC4F9}.Debug40|x86.ActiveCfg = Debug|Any CPU
		{B55C32D2-761C-4652-B0A7-471E98FEC4F9}.Release|Any CPU.ActiveCfg = Release|Any CPU
		{B55C32D2-761C-4652-B0A7-471E98FEC4F9}.Release|Any CPU.Build.0 = Release|Any CPU
		{B55C32D2-761C-4652-B0A7-471E98FEC4F9}.Release|Mixed Platforms.ActiveCfg = Release|Any CPU
		{B55C32D2-761C-4652-B0A7-471E98FEC4F9}.Release|Mixed Platforms.Build.0 = Release|Any CPU
		{B55C32D2-761C-4652-B0A7-471E98FEC4F9}.Release|x86.ActiveCfg = Release|Any CPU
		{B55C32D2-761C-4652-B0A7-471E98FEC4F9}.Release40|Any CPU.ActiveCfg = Release|Any CPU
		{B55C32D2-761C-4652-B0A7-471E98FEC4F9}.Release40|Any CPU.Build.0 = Release|Any CPU
		{B55C32D2-761C-4652-B0A7-471E98FEC4F9}.Release40|Mixed Platforms.ActiveCfg = Release|Any CPU
		{B55C32D2-761C-4652-B0A7-471E98FEC4F9}.Release40|Mixed Platforms.Build.0 = Release|Any CPU
		{B55C32D2-761C-4652-B0A7-471E98FEC4F9}.Release40|x86.ActiveCfg = Release|Any CPU
	EndGlobalSection
	GlobalSection(SolutionProperties) = preSolution
		HideSolutionNode = FALSE
	EndGlobalSection
	GlobalSection(NestedProjects) = preSolution
		{BDAA1A4C-C085-49B4-969D-84E1B2428E9D} = {76AA23DD-6A78-4AC6-B4B1-6A17EAE1AD90}
		{B5385976-C31F-42DF-B1DB-54EA0F98FDC3} = {76AA23DD-6A78-4AC6-B4B1-6A17EAE1AD90}
		{BA3A2375-0D9F-478E-9207-F0A848806F73} = {76AA23DD-6A78-4AC6-B4B1-6A17EAE1AD90}
		{4168E853-7FAB-4C0A-BADD-9A3F47C05E20} = {76AA23DD-6A78-4AC6-B4B1-6A17EAE1AD90}
		{D6B57990-6E54-444C-A1CF-319C76B85E65} = {76AA23DD-6A78-4AC6-B4B1-6A17EAE1AD90}
		{A52D6A48-A5AD-4E0E-92C9-201B97B5D79C} = {1C593317-B357-4E86-8271-2679F831CB7C}
		{0929531F-D422-4579-BF2E-0EF639809A02} = {1C593317-B357-4E86-8271-2679F831CB7C}
		{F116735F-68F1-4244-9294-A764DEE1B42E} = {1C593317-B357-4E86-8271-2679F831CB7C}
		{8C756697-E59C-4ADF-B6AD-A7DD8C4FBD63} = {4D3AC9D8-F744-43EA-8A27-42690CBFD664}
		{16195927-2A81-451C-B04D-0B11A3F0995C} = {DCEACB27-0364-4868-8D1B-2C59EE2D40DD}
		{E7862685-AF02-4C4D-A325-C1D9D9A84513} = {DCEACB27-0364-4868-8D1B-2C59EE2D40DD}
		{B55C32D2-761C-4652-B0A7-471E98FEC4F9} = {EF5AB1A0-51F5-47DD-ACC7-F54DE9020251}
	EndGlobalSection
EndGlobal
