
Microsoft Visual Studio Solution File, Format Version 12.00
# Visual Studio Express 2012 for Windows Desktop
Project("{FAE04EC0-301F-11D3-BF4B-00C04F79EFBC}") = "Pasta.Model.net45", "net45\Pasta.Model\Pasta.Model.net45.csproj", "{00231055-6C14-4160-A92A-BC83ADB6042E}"
EndProject
Project("{FAE04EC0-301F-11D3-BF4B-00C04F79EFBC}") = "Pasta.Model.Test.net45", "net45\Pasta.Model.Test\Pasta.Model.Test.net45.csproj", "{51FB06A8-E781-4848-B16A-F51C7163EC5F}"
EndProject
Project("{FAE04EC0-301F-11D3-BF4B-00C04F79EFBC}") = "Pasta.Logging.net45", "net45\Pasta.Logging\Pasta.Logging.net45.csproj", "{399105E5-C7A1-477B-9582-4ED142C5D980}"
EndProject
Global
	GlobalSection(SolutionConfigurationPlatforms) = preSolution
		Debug|Any CPU = Debug|Any CPU
		Release|Any CPU = Release|Any CPU
	EndGlobalSection
	GlobalSection(ProjectConfigurationPlatforms) = postSolution
		{00231055-6C14-4160-A92A-BC83ADB6042E}.Debug|Any CPU.ActiveCfg = Debug|Any CPU
		{00231055-6C14-4160-A92A-BC83ADB6042E}.Debug|Any CPU.Build.0 = Debug|Any CPU
		{00231055-6C14-4160-A92A-BC83ADB6042E}.Release|Any CPU.ActiveCfg = Release|Any CPU
		{00231055-6C14-4160-A92A-BC83ADB6042E}.Release|Any CPU.Build.0 = Release|Any CPU
		{51FB06A8-E781-4848-B16A-F51C7163EC5F}.Debug|Any CPU.ActiveCfg = Debug|Any CPU
		{51FB06A8-E781-4848-B16A-F51C7163EC5F}.Debug|Any CPU.Build.0 = Debug|Any CPU
		{51FB06A8-E781-4848-B16A-F51C7163EC5F}.Release|Any CPU.ActiveCfg = Release|Any CPU
		{51FB06A8-E781-4848-B16A-F51C7163EC5F}.Release|Any CPU.Build.0 = Release|Any CPU
		{399105E5-C7A1-477B-9582-4ED142C5D980}.Debug|Any CPU.ActiveCfg = Debug|Any CPU
		{399105E5-C7A1-477B-9582-4ED142C5D980}.Debug|Any CPU.Build.0 = Debug|Any CPU
		{399105E5-C7A1-477B-9582-4ED142C5D980}.Release|Any CPU.ActiveCfg = Release|Any CPU
		{399105E5-C7A1-477B-9582-4ED142C5D980}.Release|Any CPU.Build.0 = Release|Any CPU
	EndGlobalSection
	GlobalSection(SolutionProperties) = preSolution
		HideSolutionNode = FALSE
	EndGlobalSection
EndGlobal
